
Microsoft Visual Studio Solution File, Format Version 12.00
# Visual Studio Version 17
VisualStudioVersion = 17.0.32112.339
MinimumVisualStudioVersion = 10.0.40219.1
Project("{9A19103F-16F7-4668-BE54-9A1E7A4F7556}") = "DemoWinUI3", "DemoWinUI3\DemoWinUI3.csproj", "{8DD935B8-B371-4C54-B276-2108FB42395F}"
EndProject
Project("{8BC9CEB8-8B4A-11D0-8D11-00A0C91BC942}") = "MicaEditor", "MicaEditor\MicaEditor.vcxproj", "{290647E3-D8CB-46B5-87CE-409F721E441A}"
EndProject
Project("{8BC9CEB8-8B4A-11D0-8D11-00A0C91BC942}") = "CppDemoWinUI3", "CppDemoWinUI3\CppDemoWinUI3.vcxproj", "{15F512FF-8050-4CBB-A901-56693C4D4BCB}"
EndProject
Project("{FAE04EC0-301F-11D3-BF4B-00C04F79EFBC}") = "DemoUWP", "DemoUWP\DemoUWP.csproj", "{AFEC97DB-6A8C-42DB-AEFA-7688B0A16405}"
EndProject
Project("{8BC9CEB8-8B4A-11D0-8D11-00A0C91BC942}") = "CppDemoUWP", "CppDemoUWP\CppDemoUWP.vcxproj", "{308AA3CC-84EC-4931-9980-4C63AE4EA348}"
EndProject
Project("{9A19103F-16F7-4668-BE54-9A1E7A4F7556}") = "WpfIslandsDemo", "WpfIslandsDemo\WpfIslandsDemo.csproj", "{1F1F413E-C279-4EA8-B745-31D2A1C1BB1C}"
EndProject
Project("{FAE04EC0-301F-11D3-BF4B-00C04F79EFBC}") = "IslandsUwpDemoApp", "IslandsUwpDemoApp\IslandsUwpDemoApp.csproj", "{89A9FF45-EB64-4549-A843-25FBD4631A49}"
EndProject
Project("{9A19103F-16F7-4668-BE54-9A1E7A4F7556}") = "WinFormsIslandsDemo", "WinFormsIslandsDemo\WinFormsIslandsDemo.csproj", "{7E8AE83D-2CAE-4128-A7AF-55580A9AE3B6}"
EndProject
Project("{8BC9CEB8-8B4A-11D0-8D11-00A0C91BC942}") = "CppIslandsDemo", "CppIslandsDemo\CppIslandsDemo.vcxproj", "{9E371509-6833-441B-A673-3FAF00CE648C}"
	ProjectSection(ProjectDependencies) = postProject
		{71F33F8D-CB80-404A-AAD2-6E6E74F1AF0A} = {71F33F8D-CB80-404A-AAD2-6E6E74F1AF0A}
	EndProjectSection
EndProject
Project("{8BC9CEB8-8B4A-11D0-8D11-00A0C91BC942}") = "CppIslandsUwpDemoApp", "CppIslandsUwpDemoApp\CppIslandsUwpDemoApp.vcxproj", "{71F33F8D-CB80-404A-AAD2-6E6E74F1AF0A}"
EndProject
Global
	GlobalSection(SolutionConfigurationPlatforms) = preSolution
		Debug|Any CPU = Debug|Any CPU
		Debug|ARM = Debug|ARM
		Debug|arm64 = Debug|arm64
		Debug|x64 = Debug|x64
		Debug|x86 = Debug|x86
		Release|Any CPU = Release|Any CPU
		Release|ARM = Release|ARM
		Release|arm64 = Release|arm64
		Release|x64 = Release|x64
		Release|x86 = Release|x86
	EndGlobalSection
	GlobalSection(ProjectConfigurationPlatforms) = postSolution
		{8DD935B8-B371-4C54-B276-2108FB42395F}.Debug|Any CPU.ActiveCfg = Debug|x64
		{8DD935B8-B371-4C54-B276-2108FB42395F}.Debug|Any CPU.Build.0 = Debug|x64
		{8DD935B8-B371-4C54-B276-2108FB42395F}.Debug|Any CPU.Deploy.0 = Debug|x64
		{8DD935B8-B371-4C54-B276-2108FB42395F}.Debug|ARM.ActiveCfg = Debug|x64
		{8DD935B8-B371-4C54-B276-2108FB42395F}.Debug|ARM.Build.0 = Debug|x64
		{8DD935B8-B371-4C54-B276-2108FB42395F}.Debug|ARM.Deploy.0 = Debug|x64
		{8DD935B8-B371-4C54-B276-2108FB42395F}.Debug|arm64.ActiveCfg = Debug|arm64
		{8DD935B8-B371-4C54-B276-2108FB42395F}.Debug|arm64.Build.0 = Debug|arm64
		{8DD935B8-B371-4C54-B276-2108FB42395F}.Debug|arm64.Deploy.0 = Debug|arm64
		{8DD935B8-B371-4C54-B276-2108FB42395F}.Debug|x64.ActiveCfg = Debug|x64
		{8DD935B8-B371-4C54-B276-2108FB42395F}.Debug|x64.Build.0 = Debug|x64
		{8DD935B8-B371-4C54-B276-2108FB42395F}.Debug|x64.Deploy.0 = Debug|x64
		{8DD935B8-B371-4C54-B276-2108FB42395F}.Debug|x86.ActiveCfg = Debug|x86
		{8DD935B8-B371-4C54-B276-2108FB42395F}.Debug|x86.Build.0 = Debug|x86
		{8DD935B8-B371-4C54-B276-2108FB42395F}.Debug|x86.Deploy.0 = Debug|x86
		{8DD935B8-B371-4C54-B276-2108FB42395F}.Release|Any CPU.ActiveCfg = Release|x64
		{8DD935B8-B371-4C54-B276-2108FB42395F}.Release|Any CPU.Build.0 = Release|x64
		{8DD935B8-B371-4C54-B276-2108FB42395F}.Release|Any CPU.Deploy.0 = Release|x64
		{8DD935B8-B371-4C54-B276-2108FB42395F}.Release|ARM.ActiveCfg = Release|x64
		{8DD935B8-B371-4C54-B276-2108FB42395F}.Release|ARM.Build.0 = Release|x64
		{8DD935B8-B371-4C54-B276-2108FB42395F}.Release|ARM.Deploy.0 = Release|x64
		{8DD935B8-B371-4C54-B276-2108FB42395F}.Release|arm64.ActiveCfg = Release|arm64
		{8DD935B8-B371-4C54-B276-2108FB42395F}.Release|arm64.Build.0 = Release|arm64
		{8DD935B8-B371-4C54-B276-2108FB42395F}.Release|arm64.Deploy.0 = Release|arm64
		{8DD935B8-B371-4C54-B276-2108FB42395F}.Release|x64.ActiveCfg = Release|x64
		{8DD935B8-B371-4C54-B276-2108FB42395F}.Release|x64.Build.0 = Release|x64
		{8DD935B8-B371-4C54-B276-2108FB42395F}.Release|x64.Deploy.0 = Release|x64
		{8DD935B8-B371-4C54-B276-2108FB42395F}.Release|x86.ActiveCfg = Release|x86
		{8DD935B8-B371-4C54-B276-2108FB42395F}.Release|x86.Build.0 = Release|x86
		{8DD935B8-B371-4C54-B276-2108FB42395F}.Release|x86.Deploy.0 = Release|x86
		{290647E3-D8CB-46B5-87CE-409F721E441A}.Debug|Any CPU.ActiveCfg = Debug|x64
		{290647E3-D8CB-46B5-87CE-409F721E441A}.Debug|Any CPU.Build.0 = Debug|x64
		{290647E3-D8CB-46B5-87CE-409F721E441A}.Debug|ARM.ActiveCfg = Debug|ARM
		{290647E3-D8CB-46B5-87CE-409F721E441A}.Debug|ARM.Build.0 = Debug|ARM
		{290647E3-D8CB-46B5-87CE-409F721E441A}.Debug|arm64.ActiveCfg = Debug|arm64
		{290647E3-D8CB-46B5-87CE-409F721E441A}.Debug|arm64.Build.0 = Debug|arm64
		{290647E3-D8CB-46B5-87CE-409F721E441A}.Debug|x64.ActiveCfg = Debug|x64
		{290647E3-D8CB-46B5-87CE-409F721E441A}.Debug|x64.Build.0 = Debug|x64
		{290647E3-D8CB-46B5-87CE-409F721E441A}.Debug|x86.ActiveCfg = Debug|Win32
		{290647E3-D8CB-46B5-87CE-409F721E441A}.Debug|x86.Build.0 = Debug|Win32
		{290647E3-D8CB-46B5-87CE-409F721E441A}.Release|Any CPU.ActiveCfg = Release|x64
		{290647E3-D8CB-46B5-87CE-409F721E441A}.Release|Any CPU.Build.0 = Release|x64
		{290647E3-D8CB-46B5-87CE-409F721E441A}.Release|ARM.ActiveCfg = Release|ARM
		{290647E3-D8CB-46B5-87CE-409F721E441A}.Release|ARM.Build.0 = Release|ARM
		{290647E3-D8CB-46B5-87CE-409F721E441A}.Release|arm64.ActiveCfg = Release|arm64
		{290647E3-D8CB-46B5-87CE-409F721E441A}.Release|arm64.Build.0 = Release|arm64
		{290647E3-D8CB-46B5-87CE-409F721E441A}.Release|x64.ActiveCfg = Release|x64
		{290647E3-D8CB-46B5-87CE-409F721E441A}.Release|x64.Build.0 = Release|x64
		{290647E3-D8CB-46B5-87CE-409F721E441A}.Release|x86.ActiveCfg = Release|Win32
		{290647E3-D8CB-46B5-87CE-409F721E441A}.Release|x86.Build.0 = Release|Win32
		{15F512FF-8050-4CBB-A901-56693C4D4BCB}.Debug|Any CPU.ActiveCfg = Debug|x64
		{15F512FF-8050-4CBB-A901-56693C4D4BCB}.Debug|Any CPU.Build.0 = Debug|x64
		{15F512FF-8050-4CBB-A901-56693C4D4BCB}.Debug|Any CPU.Deploy.0 = Debug|x64
		{15F512FF-8050-4CBB-A901-56693C4D4BCB}.Debug|ARM.ActiveCfg = Debug|x64
		{15F512FF-8050-4CBB-A901-56693C4D4BCB}.Debug|ARM.Build.0 = Debug|x64
		{15F512FF-8050-4CBB-A901-56693C4D4BCB}.Debug|ARM.Deploy.0 = Debug|x64
		{15F512FF-8050-4CBB-A901-56693C4D4BCB}.Debug|arm64.ActiveCfg = Debug|arm64
		{15F512FF-8050-4CBB-A901-56693C4D4BCB}.Debug|arm64.Build.0 = Debug|arm64
		{15F512FF-8050-4CBB-A901-56693C4D4BCB}.Debug|arm64.Deploy.0 = Debug|arm64
		{15F512FF-8050-4CBB-A901-56693C4D4BCB}.Debug|x64.ActiveCfg = Debug|x64
		{15F512FF-8050-4CBB-A901-56693C4D4BCB}.Debug|x64.Build.0 = Debug|x64
		{15F512FF-8050-4CBB-A901-56693C4D4BCB}.Debug|x64.Deploy.0 = Debug|x64
		{15F512FF-8050-4CBB-A901-56693C4D4BCB}.Debug|x86.ActiveCfg = Debug|Win32
		{15F512FF-8050-4CBB-A901-56693C4D4BCB}.Debug|x86.Build.0 = Debug|Win32
		{15F512FF-8050-4CBB-A901-56693C4D4BCB}.Debug|x86.Deploy.0 = Debug|Win32
		{15F512FF-8050-4CBB-A901-56693C4D4BCB}.Release|Any CPU.ActiveCfg = Release|x64
		{15F512FF-8050-4CBB-A901-56693C4D4BCB}.Release|Any CPU.Build.0 = Release|x64
		{15F512FF-8050-4CBB-A901-56693C4D4BCB}.Release|Any CPU.Deploy.0 = Release|x64
		{15F512FF-8050-4CBB-A901-56693C4D4BCB}.Release|ARM.ActiveCfg = Release|x64
		{15F512FF-8050-4CBB-A901-56693C4D4BCB}.Release|ARM.Build.0 = Release|x64
		{15F512FF-8050-4CBB-A901-56693C4D4BCB}.Release|ARM.Deploy.0 = Release|x64
		{15F512FF-8050-4CBB-A901-56693C4D4BCB}.Release|arm64.ActiveCfg = Release|arm64
		{15F512FF-8050-4CBB-A901-56693C4D4BCB}.Release|arm64.Build.0 = Release|arm64
		{15F512FF-8050-4CBB-A901-56693C4D4BCB}.Release|arm64.Deploy.0 = Release|arm64
		{15F512FF-8050-4CBB-A901-56693C4D4BCB}.Release|x64.ActiveCfg = Release|x64
		{15F512FF-8050-4CBB-A901-56693C4D4BCB}.Release|x64.Build.0 = Release|x64
		{15F512FF-8050-4CBB-A901-56693C4D4BCB}.Release|x64.Deploy.0 = Release|x64
		{15F512FF-8050-4CBB-A901-56693C4D4BCB}.Release|x86.ActiveCfg = Release|Win32
		{15F512FF-8050-4CBB-A901-56693C4D4BCB}.Release|x86.Build.0 = Release|Win32
		{15F512FF-8050-4CBB-A901-56693C4D4BCB}.Release|x86.Deploy.0 = Release|Win32
		{AFEC97DB-6A8C-42DB-AEFA-7688B0A16405}.Debug|Any CPU.ActiveCfg = Debug|x64
		{AFEC97DB-6A8C-42DB-AEFA-7688B0A16405}.Debug|Any CPU.Build.0 = Debug|x64
		{AFEC97DB-6A8C-42DB-AEFA-7688B0A16405}.Debug|Any CPU.Deploy.0 = Debug|x64
		{AFEC97DB-6A8C-42DB-AEFA-7688B0A16405}.Debug|ARM.ActiveCfg = Debug|ARM
		{AFEC97DB-6A8C-42DB-AEFA-7688B0A16405}.Debug|ARM.Build.0 = Debug|ARM
		{AFEC97DB-6A8C-42DB-AEFA-7688B0A16405}.Debug|ARM.Deploy.0 = Debug|ARM
		{AFEC97DB-6A8C-42DB-AEFA-7688B0A16405}.Debug|arm64.ActiveCfg = Debug|ARM64
		{AFEC97DB-6A8C-42DB-AEFA-7688B0A16405}.Debug|arm64.Build.0 = Debug|ARM64
		{AFEC97DB-6A8C-42DB-AEFA-7688B0A16405}.Debug|arm64.Deploy.0 = Debug|ARM64
		{AFEC97DB-6A8C-42DB-AEFA-7688B0A16405}.Debug|x64.ActiveCfg = Debug|x64
		{AFEC97DB-6A8C-42DB-AEFA-7688B0A16405}.Debug|x64.Build.0 = Debug|x64
		{AFEC97DB-6A8C-42DB-AEFA-7688B0A16405}.Debug|x64.Deploy.0 = Debug|x64
		{AFEC97DB-6A8C-42DB-AEFA-7688B0A16405}.Debug|x86.ActiveCfg = Debug|x86
		{AFEC97DB-6A8C-42DB-AEFA-7688B0A16405}.Debug|x86.Build.0 = Debug|x86
		{AFEC97DB-6A8C-42DB-AEFA-7688B0A16405}.Debug|x86.Deploy.0 = Debug|x86
		{AFEC97DB-6A8C-42DB-AEFA-7688B0A16405}.Release|Any CPU.ActiveCfg = Release|x64
		{AFEC97DB-6A8C-42DB-AEFA-7688B0A16405}.Release|Any CPU.Build.0 = Release|x64
		{AFEC97DB-6A8C-42DB-AEFA-7688B0A16405}.Release|Any CPU.Deploy.0 = Release|x64
		{AFEC97DB-6A8C-42DB-AEFA-7688B0A16405}.Release|ARM.ActiveCfg = Release|ARM
		{AFEC97DB-6A8C-42DB-AEFA-7688B0A16405}.Release|ARM.Build.0 = Release|ARM
		{AFEC97DB-6A8C-42DB-AEFA-7688B0A16405}.Release|ARM.Deploy.0 = Release|ARM
		{AFEC97DB-6A8C-42DB-AEFA-7688B0A16405}.Release|arm64.ActiveCfg = Release|ARM64
		{AFEC97DB-6A8C-42DB-AEFA-7688B0A16405}.Release|arm64.Build.0 = Release|ARM64
		{AFEC97DB-6A8C-42DB-AEFA-7688B0A16405}.Release|arm64.Deploy.0 = Release|ARM64
		{AFEC97DB-6A8C-42DB-AEFA-7688B0A16405}.Release|x64.ActiveCfg = Release|x64
		{AFEC97DB-6A8C-42DB-AEFA-7688B0A16405}.Release|x64.Build.0 = Release|x64
		{AFEC97DB-6A8C-42DB-AEFA-7688B0A16405}.Release|x64.Deploy.0 = Release|x64
		{AFEC97DB-6A8C-42DB-AEFA-7688B0A16405}.Release|x86.ActiveCfg = Release|x86
		{AFEC97DB-6A8C-42DB-AEFA-7688B0A16405}.Release|x86.Build.0 = Release|x86
		{AFEC97DB-6A8C-42DB-AEFA-7688B0A16405}.Release|x86.Deploy.0 = Release|x86
		{308AA3CC-84EC-4931-9980-4C63AE4EA348}.Debug|Any CPU.ActiveCfg = Debug|x64
		{308AA3CC-84EC-4931-9980-4C63AE4EA348}.Debug|Any CPU.Build.0 = Debug|x64
		{308AA3CC-84EC-4931-9980-4C63AE4EA348}.Debug|Any CPU.Deploy.0 = Debug|x64
		{308AA3CC-84EC-4931-9980-4C63AE4EA348}.Debug|ARM.ActiveCfg = Debug|ARM
		{308AA3CC-84EC-4931-9980-4C63AE4EA348}.Debug|ARM.Build.0 = Debug|ARM
		{308AA3CC-84EC-4931-9980-4C63AE4EA348}.Debug|ARM.Deploy.0 = Debug|ARM
		{308AA3CC-84EC-4931-9980-4C63AE4EA348}.Debug|arm64.ActiveCfg = Debug|ARM64
		{308AA3CC-84EC-4931-9980-4C63AE4EA348}.Debug|arm64.Build.0 = Debug|ARM64
		{308AA3CC-84EC-4931-9980-4C63AE4EA348}.Debug|arm64.Deploy.0 = Debug|ARM64
		{308AA3CC-84EC-4931-9980-4C63AE4EA348}.Debug|x64.ActiveCfg = Debug|x64
		{308AA3CC-84EC-4931-9980-4C63AE4EA348}.Debug|x64.Build.0 = Debug|x64
		{308AA3CC-84EC-4931-9980-4C63AE4EA348}.Debug|x64.Deploy.0 = Debug|x64
		{308AA3CC-84EC-4931-9980-4C63AE4EA348}.Debug|x86.ActiveCfg = Debug|Win32
		{308AA3CC-84EC-4931-9980-4C63AE4EA348}.Debug|x86.Build.0 = Debug|Win32
		{308AA3CC-84EC-4931-9980-4C63AE4EA348}.Debug|x86.Deploy.0 = Debug|Win32
		{308AA3CC-84EC-4931-9980-4C63AE4EA348}.Release|Any CPU.ActiveCfg = Release|x64
		{308AA3CC-84EC-4931-9980-4C63AE4EA348}.Release|Any CPU.Build.0 = Release|x64
		{308AA3CC-84EC-4931-9980-4C63AE4EA348}.Release|Any CPU.Deploy.0 = Release|x64
		{308AA3CC-84EC-4931-9980-4C63AE4EA348}.Release|ARM.ActiveCfg = Release|ARM
		{308AA3CC-84EC-4931-9980-4C63AE4EA348}.Release|ARM.Build.0 = Release|ARM
		{308AA3CC-84EC-4931-9980-4C63AE4EA348}.Release|ARM.Deploy.0 = Release|ARM
		{308AA3CC-84EC-4931-9980-4C63AE4EA348}.Release|arm64.ActiveCfg = Release|ARM64
		{308AA3CC-84EC-4931-9980-4C63AE4EA348}.Release|arm64.Build.0 = Release|ARM64
		{308AA3CC-84EC-4931-9980-4C63AE4EA348}.Release|arm64.Deploy.0 = Release|ARM64
		{308AA3CC-84EC-4931-9980-4C63AE4EA348}.Release|x64.ActiveCfg = Release|x64
		{308AA3CC-84EC-4931-9980-4C63AE4EA348}.Release|x64.Build.0 = Release|x64
		{308AA3CC-84EC-4931-9980-4C63AE4EA348}.Release|x64.Deploy.0 = Release|x64
		{308AA3CC-84EC-4931-9980-4C63AE4EA348}.Release|x86.ActiveCfg = Release|Win32
		{308AA3CC-84EC-4931-9980-4C63AE4EA348}.Release|x86.Build.0 = Release|Win32
		{308AA3CC-84EC-4931-9980-4C63AE4EA348}.Release|x86.Deploy.0 = Release|Win32
		{1F1F413E-C279-4EA8-B745-31D2A1C1BB1C}.Debug|Any CPU.ActiveCfg = Debug|x64
		{1F1F413E-C279-4EA8-B745-31D2A1C1BB1C}.Debug|Any CPU.Build.0 = Debug|x64
		{1F1F413E-C279-4EA8-B745-31D2A1C1BB1C}.Debug|ARM.ActiveCfg = Debug|x64
		{1F1F413E-C279-4EA8-B745-31D2A1C1BB1C}.Debug|ARM.Build.0 = Debug|x64
		{1F1F413E-C279-4EA8-B745-31D2A1C1BB1C}.Debug|arm64.ActiveCfg = Debug|arm64
		{1F1F413E-C279-4EA8-B745-31D2A1C1BB1C}.Debug|arm64.Build.0 = Debug|arm64
		{1F1F413E-C279-4EA8-B745-31D2A1C1BB1C}.Debug|x64.ActiveCfg = Debug|x64
		{1F1F413E-C279-4EA8-B745-31D2A1C1BB1C}.Debug|x64.Build.0 = Debug|x64
		{1F1F413E-C279-4EA8-B745-31D2A1C1BB1C}.Debug|x86.ActiveCfg = Debug|x86
		{1F1F413E-C279-4EA8-B745-31D2A1C1BB1C}.Debug|x86.Build.0 = Debug|x86
		{1F1F413E-C279-4EA8-B745-31D2A1C1BB1C}.Release|Any CPU.ActiveCfg = Release|x64
		{1F1F413E-C279-4EA8-B745-31D2A1C1BB1C}.Release|Any CPU.Build.0 = Release|x64
		{1F1F413E-C279-4EA8-B745-31D2A1C1BB1C}.Release|ARM.ActiveCfg = Release|x64
		{1F1F413E-C279-4EA8-B745-31D2A1C1BB1C}.Release|ARM.Build.0 = Release|x64
		{1F1F413E-C279-4EA8-B745-31D2A1C1BB1C}.Release|arm64.ActiveCfg = Release|arm64
		{1F1F413E-C279-4EA8-B745-31D2A1C1BB1C}.Release|arm64.Build.0 = Release|arm64
		{1F1F413E-C279-4EA8-B745-31D2A1C1BB1C}.Release|x64.ActiveCfg = Release|x64
		{1F1F413E-C279-4EA8-B745-31D2A1C1BB1C}.Release|x64.Build.0 = Release|x64
		{1F1F413E-C279-4EA8-B745-31D2A1C1BB1C}.Release|x86.ActiveCfg = Release|x86
		{1F1F413E-C279-4EA8-B745-31D2A1C1BB1C}.Release|x86.Build.0 = Release|x86
		{89A9FF45-EB64-4549-A843-25FBD4631A49}.Debug|Any CPU.ActiveCfg = Debug|x64
		{89A9FF45-EB64-4549-A843-25FBD4631A49}.Debug|Any CPU.Build.0 = Debug|x64
		{89A9FF45-EB64-4549-A843-25FBD4631A49}.Debug|ARM.ActiveCfg = Debug|ARM
		{89A9FF45-EB64-4549-A843-25FBD4631A49}.Debug|ARM.Build.0 = Debug|ARM
		{89A9FF45-EB64-4549-A843-25FBD4631A49}.Debug|arm64.ActiveCfg = Debug|ARM64
		{89A9FF45-EB64-4549-A843-25FBD4631A49}.Debug|arm64.Build.0 = Debug|ARM64
		{89A9FF45-EB64-4549-A843-25FBD4631A49}.Debug|x64.ActiveCfg = Debug|x64
		{89A9FF45-EB64-4549-A843-25FBD4631A49}.Debug|x64.Build.0 = Debug|x64
		{89A9FF45-EB64-4549-A843-25FBD4631A49}.Debug|x86.ActiveCfg = Debug|x86
		{89A9FF45-EB64-4549-A843-25FBD4631A49}.Debug|x86.Build.0 = Debug|x86
		{89A9FF45-EB64-4549-A843-25FBD4631A49}.Release|Any CPU.ActiveCfg = Release|x64
		{89A9FF45-EB64-4549-A843-25FBD4631A49}.Release|Any CPU.Build.0 = Release|x64
		{89A9FF45-EB64-4549-A843-25FBD4631A49}.Release|ARM.ActiveCfg = Release|ARM
		{89A9FF45-EB64-4549-A843-25FBD4631A49}.Release|ARM.Build.0 = Release|ARM
		{89A9FF45-EB64-4549-A843-25FBD4631A49}.Release|arm64.ActiveCfg = Release|ARM64
		{89A9FF45-EB64-4549-A843-25FBD4631A49}.Release|arm64.Build.0 = Release|ARM64
		{89A9FF45-EB64-4549-A843-25FBD4631A49}.Release|x64.ActiveCfg = Release|x64
		{89A9FF45-EB64-4549-A843-25FBD4631A49}.Release|x64.Build.0 = Release|x64
		{89A9FF45-EB64-4549-A843-25FBD4631A49}.Release|x86.ActiveCfg = Release|x86
		{89A9FF45-EB64-4549-A843-25FBD4631A49}.Release|x86.Build.0 = Release|x86
		{7E8AE83D-2CAE-4128-A7AF-55580A9AE3B6}.Debug|Any CPU.ActiveCfg = Debug|x64
		{7E8AE83D-2CAE-4128-A7AF-55580A9AE3B6}.Debug|Any CPU.Build.0 = Debug|x64
		{7E8AE83D-2CAE-4128-A7AF-55580A9AE3B6}.Debug|ARM.ActiveCfg = Debug|x64
		{7E8AE83D-2CAE-4128-A7AF-55580A9AE3B6}.Debug|ARM.Build.0 = Debug|x64
		{7E8AE83D-2CAE-4128-A7AF-55580A9AE3B6}.Debug|arm64.ActiveCfg = Debug|arm64
		{7E8AE83D-2CAE-4128-A7AF-55580A9AE3B6}.Debug|arm64.Build.0 = Debug|arm64
		{7E8AE83D-2CAE-4128-A7AF-55580A9AE3B6}.Debug|x64.ActiveCfg = Debug|x64
		{7E8AE83D-2CAE-4128-A7AF-55580A9AE3B6}.Debug|x64.Build.0 = Debug|x64
		{7E8AE83D-2CAE-4128-A7AF-55580A9AE3B6}.Debug|x86.ActiveCfg = Debug|x86
		{7E8AE83D-2CAE-4128-A7AF-55580A9AE3B6}.Debug|x86.Build.0 = Debug|x86
		{7E8AE83D-2CAE-4128-A7AF-55580A9AE3B6}.Release|Any CPU.ActiveCfg = Release|x64
		{7E8AE83D-2CAE-4128-A7AF-55580A9AE3B6}.Release|Any CPU.Build.0 = Release|x64
		{7E8AE83D-2CAE-4128-A7AF-55580A9AE3B6}.Release|ARM.ActiveCfg = Release|x64
		{7E8AE83D-2CAE-4128-A7AF-55580A9AE3B6}.Release|ARM.Build.0 = Release|x64
		{7E8AE83D-2CAE-4128-A7AF-55580A9AE3B6}.Release|arm64.ActiveCfg = Release|arm64
		{7E8AE83D-2CAE-4128-A7AF-55580A9AE3B6}.Release|arm64.Build.0 = Release|arm64
		{7E8AE83D-2CAE-4128-A7AF-55580A9AE3B6}.Release|x64.ActiveCfg = Release|x64
		{7E8AE83D-2CAE-4128-A7AF-55580A9AE3B6}.Release|x64.Build.0 = Release|x64
		{7E8AE83D-2CAE-4128-A7AF-55580A9AE3B6}.Release|x86.ActiveCfg = Release|x86
		{7E8AE83D-2CAE-4128-A7AF-55580A9AE3B6}.Release|x86.Build.0 = Release|x86
		{9E371509-6833-441B-A673-3FAF00CE648C}.Debug|Any CPU.ActiveCfg = Debug|x64
		{9E371509-6833-441B-A673-3FAF00CE648C}.Debug|Any CPU.Build.0 = Debug|x64
		{9E371509-6833-441B-A673-3FAF00CE648C}.Debug|ARM.ActiveCfg = Debug|x64
		{9E371509-6833-441B-A673-3FAF00CE648C}.Debug|ARM.Build.0 = Debug|x64
		{9E371509-6833-441B-A673-3FAF00CE648C}.Debug|arm64.ActiveCfg = Debug|x64
		{9E371509-6833-441B-A673-3FAF00CE648C}.Debug|arm64.Build.0 = Debug|x64
		{9E371509-6833-441B-A673-3FAF00CE648C}.Debug|x64.ActiveCfg = Debug|x64
		{9E371509-6833-441B-A673-3FAF00CE648C}.Debug|x64.Build.0 = Debug|x64
		{9E371509-6833-441B-A673-3FAF00CE648C}.Debug|x86.ActiveCfg = Debug|Win32
		{9E371509-6833-441B-A673-3FAF00CE648C}.Debug|x86.Build.0 = Debug|Win32
		{9E371509-6833-441B-A673-3FAF00CE648C}.Release|Any CPU.ActiveCfg = Release|x64
		{9E371509-6833-441B-A673-3FAF00CE648C}.Release|Any CPU.Build.0 = Release|x64
		{9E371509-6833-441B-A673-3FAF00CE648C}.Release|ARM.ActiveCfg = Release|x64
		{9E371509-6833-441B-A673-3FAF00CE648C}.Release|ARM.Build.0 = Release|x64
		{9E371509-6833-441B-A673-3FAF00CE648C}.Release|arm64.ActiveCfg = Release|x64
		{9E371509-6833-441B-A673-3FAF00CE648C}.Release|arm64.Build.0 = Release|x64
		{9E371509-6833-441B-A673-3FAF00CE648C}.Release|x64.ActiveCfg = Release|x64
		{9E371509-6833-441B-A673-3FAF00CE648C}.Release|x64.Build.0 = Release|x64
		{9E371509-6833-441B-A673-3FAF00CE648C}.Release|x86.ActiveCfg = Release|Win32
		{9E371509-6833-441B-A673-3FAF00CE648C}.Release|x86.Build.0 = Release|Win32
		{71F33F8D-CB80-404A-AAD2-6E6E74F1AF0A}.Debug|Any CPU.ActiveCfg = Debug|x64
		{71F33F8D-CB80-404A-AAD2-6E6E74F1AF0A}.Debug|Any CPU.Build.0 = Debug|x64
		{71F33F8D-CB80-404A-AAD2-6E6E74F1AF0A}.Debug|ARM.ActiveCfg = Debug|ARM
		{71F33F8D-CB80-404A-AAD2-6E6E74F1AF0A}.Debug|ARM.Build.0 = Debug|ARM
		{71F33F8D-CB80-404A-AAD2-6E6E74F1AF0A}.Debug|arm64.ActiveCfg = Debug|ARM64
		{71F33F8D-CB80-404A-AAD2-6E6E74F1AF0A}.Debug|arm64.Build.0 = Debug|ARM64
		{71F33F8D-CB80-404A-AAD2-6E6E74F1AF0A}.Debug|x64.ActiveCfg = Debug|x64
		{71F33F8D-CB80-404A-AAD2-6E6E74F1AF0A}.Debug|x64.Build.0 = Debug|x64
		{71F33F8D-CB80-404A-AAD2-6E6E74F1AF0A}.Debug|x86.ActiveCfg = Debug|Win32
		{71F33F8D-CB80-404A-AAD2-6E6E74F1AF0A}.Debug|x86.Build.0 = Debug|Win32
		{71F33F8D-CB80-404A-AAD2-6E6E74F1AF0A}.Release|Any CPU.ActiveCfg = Release|x64
		{71F33F8D-CB80-404A-AAD2-6E6E74F1AF0A}.Release|Any CPU.Build.0 = Release|x64
		{71F33F8D-CB80-404A-AAD2-6E6E74F1AF0A}.Release|ARM.ActiveCfg = Release|ARM
		{71F33F8D-CB80-404A-AAD2-6E6E74F1AF0A}.Release|ARM.Build.0 = Release|ARM
		{71F33F8D-CB80-404A-AAD2-6E6E74F1AF0A}.Release|arm64.ActiveCfg = Release|ARM64
		{71F33F8D-CB80-404A-AAD2-6E6E74F1AF0A}.Release|arm64.Build.0 = Release|ARM64
		{71F33F8D-CB80-404A-AAD2-6E6E74F1AF0A}.Release|x64.ActiveCfg = Release|x64
		{71F33F8D-CB80-404A-AAD2-6E6E74F1AF0A}.Release|x64.Build.0 = Release|x64
		{71F33F8D-CB80-404A-AAD2-6E6E74F1AF0A}.Release|x86.ActiveCfg = Release|Win32
		{71F33F8D-CB80-404A-AAD2-6E6E74F1AF0A}.Release|x86.Build.0 = Release|Win32
	EndGlobalSection
	GlobalSection(SolutionProperties) = preSolution
		HideSolutionNode = FALSE
	EndGlobalSection
	GlobalSection(ExtensibilityGlobals) = postSolution
		SolutionGuid = {A33C866C-0811-47A8-B4F0-87B044C7A759}
	EndGlobalSection
EndGlobal
