<?xml version="1.0" encoding="utf-8"?>
<Project ToolsVersion="15.0" xmlns="http://schemas.microsoft.com/developer/msbuild/2003">
  <ItemGroup>
    <Filter Include="Resources">
      <UniqueIdentifier>accd3aa8-1ba0-4223-9bbe-0c431709210b</UniqueIdentifier>
      <Extensions>rc;ico;cur;bmp;dlg;rc2;rct;bin;rgs;gif;jpg;jpeg;jpe;resx;tga;tiff;tif;png;wav;mfcribbon-ms</Extensions>
    </Filter>
    <Filter Include="Generated Files">
      <UniqueIdentifier>{926ab91d-31b4-48c3-b9a4-e681349f27f0}</UniqueIdentifier>
    </Filter>
  </ItemGroup>
  <ItemGroup>
    <ClCompile Include="pch.cpp" />
    <ClCompile Include="$(GeneratedFilesDir)module.g.cpp" />
    <ClCompile Include="MicaEditorControl.cpp" />
    <ClCompile Include="Helpers.cpp" />
    <ClCompile Include="..\scintilla\src\*.cxx" />
    <ClCompile Include="..\scintilla\src\*.cxx" />
    <ClCompile Include="..\scintilla\src\*.cxx" />
    <ClCompile Include="..\scintilla\src\*.cxx" />
    <ClCompile Include="..\scintilla\src\*.cxx" />
    <ClCompile Include="..\scintilla\src\*.cxx" />
    <ClCompile Include="..\scintilla\src\*.cxx" />
    <ClCompile Include="..\scintilla\src\*.cxx" />
    <ClCompile Include="..\scintilla\src\*.cxx" />
    <ClCompile Include="..\scintilla\src\*.cxx" />
    <ClCompile Include="..\scintilla\src\*.cxx" />
    <ClCompile Include="..\scintilla\src\*.cxx" />
    <ClCompile Include="..\scintilla\src\*.cxx" />
    <ClCompile Include="..\scintilla\src\*.cxx" />
    <ClCompile Include="..\scintilla\src\*.cxx" />
    <ClCompile Include="..\scintilla\src\*.cxx" />
    <ClCompile Include="..\scintilla\src\*.cxx" />
    <ClCompile Include="..\scintilla\src\*.cxx" />
    <ClCompile Include="..\scintilla\src\*.cxx" />
    <ClCompile Include="..\scintilla\src\*.cxx" />
    <ClCompile Include="..\scintilla\src\*.cxx" />
    <ClCompile Include="..\scintilla\src\*.cxx" />
    <ClCompile Include="..\scintilla\src\*.cxx" />
    <ClCompile Include="..\scintilla\src\*.cxx" />
    <ClCompile Include="..\scintilla\src\*.cxx" />
    <ClCompile Include="..\scintilla\src\*.cxx" />
    <ClCompile Include="..\scintilla\src\*.cxx" />
    <ClCompile Include="..\scintilla\src\*.cxx" />
    <ClCompile Include="..\scintilla\src\*.cxx" />
    <ClCompile Include="..\scintilla\src\*.cxx" />
    <ClCompile Include="..\scintilla\src\*.cxx" />
    <ClCompile Include="..\lexilla\lexers\*.cxx" />
    <ClCompile Include="..\lexilla\lexers\*.cxx" />
    <ClCompile Include="..\lexilla\lexers\*.cxx" />
    <ClCompile Include="..\lexilla\lexers\*.cxx" />
    <ClCompile Include="..\lexilla\lexers\*.cxx" />
    <ClCompile Include="..\lexilla\lexers\*.cxx" />
    <ClCompile Include="..\lexilla\lexers\*.cxx" />
    <ClCompile Include="..\lexilla\lexers\*.cxx" />
    <ClCompile Include="..\lexilla\lexers\*.cxx" />
    <ClCompile Include="..\lexilla\lexers\*.cxx" />
    <ClCompile Include="..\lexilla\lexers\*.cxx" />
    <ClCompile Include="..\lexilla\lexers\*.cxx" />
    <ClCompile Include="..\lexilla\lexers\*.cxx" />
    <ClCompile Include="..\lexilla\lexers\*.cxx" />
    <ClCompile Include="..\lexilla\lexers\*.cxx" />
    <ClCompile Include="..\lexilla\lexers\*.cxx" />
    <ClCompile Include="..\lexilla\lexers\*.cxx" />
    <ClCompile Include="..\lexilla\lexers\*.cxx" />
    <ClCompile Include="..\lexilla\lexers\*.cxx" />
    <ClCompile Include="..\lexilla\lexers\*.cxx" />
    <ClCompile Include="..\lexilla\lexers\*.cxx" />
    <ClCompile Include="..\lexilla\lexers\*.cxx" />
    <ClCompile Include="..\lexilla\lexers\*.cxx" />
    <ClCompile Include="..\lexilla\lexers\*.cxx" />
    <ClCompile Include="..\lexilla\lexers\*.cxx" />
    <ClCompile Include="..\lexilla\lexers\*.cxx" />
    <ClCompile Include="..\lexilla\lexers\*.cxx" />
    <ClCompile Include="..\lexilla\lexers\*.cxx" />
    <ClCompile Include="..\lexilla\lexers\*.cxx" />
    <ClCompile Include="..\lexilla\lexers\*.cxx" />
    <ClCompile Include="..\lexilla\lexers\*.cxx" />
    <ClCompile Include="..\lexilla\lexers\*.cxx" />
    <ClCompile Include="..\lexilla\lexers\*.cxx" />
    <ClCompile Include="..\lexilla\lexers\*.cxx" />
    <ClCompile Include="..\lexilla\lexers\*.cxx" />
    <ClCompile Include="..\lexilla\lexers\*.cxx" />
    <ClCompile Include="..\lexilla\lexers\*.cxx" />
    <ClCompile Include="..\lexilla\lexers\*.cxx" />
    <ClCompile Include="..\lexilla\lexers\*.cxx" />
    <ClCompile Include="..\lexilla\lexers\*.cxx" />
    <ClCompile Include="..\lexilla\lexers\*.cxx" />
    <ClCompile Include="..\lexilla\lexers\*.cxx" />
    <ClCompile Include="..\lexilla\lexers\*.cxx" />
    <ClCompile Include="..\lexilla\lexers\*.cxx" />
    <ClCompile Include="..\lexilla\lexers\*.cxx" />
    <ClCompile Include="..\lexilla\lexers\*.cxx" />
    <ClCompile Include="..\lexilla\lexers\*.cxx" />
    <ClCompile Include="..\lexilla\lexers\*.cxx" />
    <ClCompile Include="..\lexilla\lexers\*.cxx" />
    <ClCompile Include="..\lexilla\lexers\*.cxx" />
    <ClCompile Include="..\lexilla\lexers\*.cxx" />
    <ClCompile Include="..\lexilla\lexers\*.cxx" />
    <ClCompile Include="..\lexilla\lexers\*.cxx" />
    <ClCompile Include="..\lexilla\lexers\*.cxx" />
    <ClCompile Include="..\lexilla\lexers\*.cxx" />
    <ClCompile Include="..\lexilla\lexers\*.cxx" />
    <ClCompile Include="..\lexilla\lexers\*.cxx" />
    <ClCompile Include="..\lexilla\lexers\*.cxx" />
    <ClCompile Include="..\lexilla\lexers\*.cxx" />
    <ClCompile Include="..\lexilla\lexers\*.cxx" />
    <ClCompile Include="..\lexilla\lexers\*.cxx" />
    <ClCompile Include="..\lexilla\lexers\*.cxx" />
    <ClCompile Include="..\lexilla\lexers\*.cxx" />
    <ClCompile Include="..\lexilla\lexers\*.cxx" />
    <ClCompile Include="..\lexilla\lexers\*.cxx" />
    <ClCompile Include="..\lexilla\lexers\*.cxx" />
    <ClCompile Include="..\lexilla\lexers\*.cxx" />
    <ClCompile Include="..\lexilla\lexers\*.cxx" />
    <ClCompile Include="..\lexilla\lexers\*.cxx" />
    <ClCompile Include="..\lexilla\lexers\*.cxx" />
    <ClCompile Include="..\lexilla\lexers\*.cxx" />
    <ClCompile Include="..\lexilla\lexers\*.cxx" />
    <ClCompile Include="..\lexilla\lexers\*.cxx" />
    <ClCompile Include="..\lexilla\lexers\*.cxx" />
    <ClCompile Include="..\lexilla\lexers\*.cxx" />
    <ClCompile Include="..\lexilla\lexers\*.cxx" />
    <ClCompile Include="..\lexilla\lexers\*.cxx" />
    <ClCompile Include="..\lexilla\lexers\*.cxx" />
    <ClCompile Include="..\lexilla\lexers\*.cxx" />
    <ClCompile Include="..\lexilla\lexers\*.cxx" />
    <ClCompile Include="..\lexilla\lexers\*.cxx" />
    <ClCompile Include="..\lexilla\lexers\*.cxx" />
    <ClCompile Include="..\lexilla\lexers\*.cxx" />
    <ClCompile Include="..\lexilla\lexers\*.cxx" />
    <ClCompile Include="..\lexilla\lexers\*.cxx" />
    <ClCompile Include="..\lexilla\lexers\*.cxx" />
    <ClCompile Include="..\lexilla\lexers\*.cxx" />
    <ClCompile Include="..\lexilla\lexers\*.cxx" />
    <ClCompile Include="..\lexilla\lexers\*.cxx" />
    <ClCompile Include="..\lexilla\lexers\*.cxx" />
    <ClCompile Include="..\lexilla\lexers\*.cxx" />
    <ClCompile Include="..\lexilla\lexers\*.cxx" />
    <ClCompile Include="..\lexilla\lexers\*.cxx" />
    <ClCompile Include="..\lexilla\lexers\*.cxx" />
    <ClCompile Include="..\lexilla\lexers\*.cxx" />
    <ClCompile Include="..\lexilla\lexers\*.cxx" />
    <ClCompile Include="..\lexilla\lexers\*.cxx" />
    <ClCompile Include="..\lexilla\lexers\*.cxx" />
    <ClCompile Include="..\lexilla\lexers\*.cxx" />
    <ClCompile Include="..\lexilla\lexers\*.cxx" />
    <ClCompile Include="..\lexilla\lexers\*.cxx" />
    <ClCompile Include="..\lexilla\lexers\*.cxx" />
    <ClCompile Include="..\lexilla\lexers\*.cxx" />
    <ClCompile Include="..\lexilla\lexers\*.cxx" />
    <ClCompile Include="..\lexilla\lexers\*.cxx" />
    <ClCompile Include="..\lexilla\lexers\*.cxx" />
    <ClCompile Include="..\lexilla\lexers\*.cxx" />
    <ClCompile Include="..\lexilla\lexers\*.cxx" />
    <ClCompile Include="..\lexilla\lexers\*.cxx" />
    <ClCompile Include="..\lexilla\lexers\*.cxx" />
    <ClCompile Include="..\lexilla\lexers\*.cxx" />
    <ClCompile Include="..\lexilla\lexers\*.cxx" />
    <ClCompile Include="..\lexilla\lexers\*.cxx" />
    <ClCompile Include="..\lexilla\lexers\*.cxx" />
    <ClCompile Include="..\lexilla\lexers\*.cxx" />
    <ClCompile Include="..\lexilla\lexers\*.cxx" />
    <ClCompile Include="..\lexilla\lexers\*.cxx" />
    <ClCompile Include="..\lexilla\lexers\*.cxx" />
    <ClCompile Include="..\lexilla\lexlib\*.cxx" />
    <ClCompile Include="..\lexilla\lexlib\*.cxx" />
    <ClCompile Include="..\lexilla\lexlib\*.cxx" />
    <ClCompile Include="..\lexilla\lexlib\*.cxx" />
    <ClCompile Include="..\lexilla\lexlib\*.cxx" />
    <ClCompile Include="..\lexilla\lexlib\*.cxx" />
    <ClCompile Include="..\lexilla\lexlib\*.cxx" />
    <ClCompile Include="..\lexilla\lexlib\*.cxx" />
    <ClCompile Include="..\lexilla\lexlib\*.cxx" />
    <ClCompile Include="..\lexilla\lexlib\*.cxx" />
    <ClCompile Include="..\lexilla\lexlib\*.cxx" />
    <ClCompile Include="..\lexilla\lexlib\*.cxx" />
    <ClCompile Include="..\lexilla\src\Lexilla.cxx" />
    <ClCompile Include="..\scintilla\winui\PlatWin.cxx" />
    <ClCompile Include="..\scintilla\winui\ScintillaWin.cxx" />
    <ClCompile Include="Wrapper.cpp" />
  </ItemGroup>
  <ItemGroup>
    <ClInclude Include="pch.h" />
    <ClInclude Include="Helpers.h" />
    <ClInclude Include="..\scintilla\include\*.h" />
    <ClInclude Include="..\scintilla\include\*.h" />
    <ClInclude Include="..\scintilla\include\*.h" />
    <ClInclude Include="..\scintilla\include\*.h" />
    <ClInclude Include="..\scintilla\include\*.h" />
    <ClInclude Include="..\scintilla\include\*.h" />
    <ClInclude Include="..\scintilla\include\*.h" />
    <ClInclude Include="..\scintilla\include\*.h" />
    <ClInclude Include="..\scintilla\include\*.h" />
    <ClInclude Include="..\scintilla\src\*.h" />
    <ClInclude Include="..\scintilla\src\*.h" />
    <ClInclude Include="..\scintilla\src\*.h" />
    <ClInclude Include="..\scintilla\src\*.h" />
    <ClInclude Include="..\scintilla\src\*.h" />
    <ClInclude Include="..\scintilla\src\*.h" />
    <ClInclude Include="..\scintilla\src\*.h" />
    <ClInclude Include="..\scintilla\src\*.h" />
    <ClInclude Include="..\scintilla\src\*.h" />
    <ClInclude Include="..\scintilla\src\*.h" />
    <ClInclude Include="..\scintilla\src\*.h" />
    <ClInclude Include="..\scintilla\src\*.h" />
    <ClInclude Include="..\scintilla\src\*.h" />
    <ClInclude Include="..\scintilla\src\*.h" />
    <ClInclude Include="..\scintilla\src\*.h" />
    <ClInclude Include="..\scintilla\src\*.h" />
    <ClInclude Include="..\scintilla\src\*.h" />
    <ClInclude Include="..\scintilla\src\*.h" />
    <ClInclude Include="..\scintilla\src\*.h" />
    <ClInclude Include="..\scintilla\src\*.h" />
    <ClInclude Include="..\scintilla\src\*.h" />
    <ClInclude Include="..\scintilla\src\*.h" />
    <ClInclude Include="..\scintilla\src\*.h" />
    <ClInclude Include="..\scintilla\src\*.h" />
    <ClInclude Include="..\scintilla\src\*.h" />
    <ClInclude Include="..\scintilla\src\*.h" />
    <ClInclude Include="..\scintilla\src\*.h" />
    <ClInclude Include="..\scintilla\src\*.h" />
    <ClInclude Include="..\scintilla\src\*.h" />
    <ClInclude Include="..\scintilla\src\*.h" />
    <ClInclude Include="..\scintilla\src\*.h" />
    <ClInclude Include="..\scintilla\src\*.h" />
    <ClInclude Include="..\scintilla\src\*.h" />
    <ClInclude Include="..\scintilla\src\*.h" />
    <ClInclude Include="..\scintilla\src\*.h" />
    <ClInclude Include="..\scintilla\src\*.h" />
    <ClInclude Include="..\scintilla\src\*.h" />
    <ClInclude Include="..\scintilla\src\*.h" />
    <ClInclude Include="..\scintilla\winui\*.h" />
    <ClInclude Include="..\scintilla\winui\*.h" />
    <ClInclude Include="..\scintilla\winui\*.h" />
    <ClInclude Include="..\scintilla\winui\*.h" />
    <ClInclude Include="..\lexilla\include\SciLexer.h" />
    <ClInclude Include="..\lexilla\lexlib\*.h" />
    <ClInclude Include="..\lexilla\lexlib\*.h" />
    <ClInclude Include="..\lexilla\lexlib\*.h" />
    <ClInclude Include="..\lexilla\lexlib\*.h" />
    <ClInclude Include="..\lexilla\lexlib\*.h" />
    <ClInclude Include="..\lexilla\lexlib\*.h" />
    <ClInclude Include="..\lexilla\lexlib\*.h" />
    <ClInclude Include="..\lexilla\lexlib\*.h" />
    <ClInclude Include="..\lexilla\lexlib\*.h" />
    <ClInclude Include="..\lexilla\lexlib\*.h" />
    <ClInclude Include="..\lexilla\lexlib\*.h" />
    <ClInclude Include="..\lexilla\lexlib\*.h" />
    <ClInclude Include="..\lexilla\lexlib\*.h" />
    <ClInclude Include="..\lexilla\lexlib\*.h" />
    <ClInclude Include="..\lexilla\lexlib\*.h" />
    <ClInclude Include="..\lexilla\lexlib\*.h" />
    <ClInclude Include="..\lexilla\lexlib\*.h" />
    <ClInclude Include="Wrapper.h" />
  </ItemGroup>
  <ItemGroup>
    <None Include="MicaEditor.def" />
    <None Include="packages.config" />
  </ItemGroup>
  <ItemGroup>
    <Page Include="Themes\Generic.xaml" />
  </ItemGroup>
</Project>